
Microsoft Visual Studio Solution File, Format Version 12.00
# Visual Studio Version 17
VisualStudioVersion = 17.11.35303.130
MinimumVisualStudioVersion = 10.0.40219.1
Project("{FAE04EC0-301F-11D3-BF4B-00C04F79EFBC}") = "TugasPBOPR1", "TugasPBOPR1\TugasPBOPR1.csproj", "{BEFC3429-8A43-44BB-BEFF-2C6AEE745A8C}"
EndProject
Global
	GlobalSection(SolutionConfigurationPlatforms) = preSolution
		Debug|Any CPU = Debug|Any CPU
		Release|Any CPU = Release|Any CPU
	EndGlobalSection
	GlobalSection(ProjectConfigurationPlatforms) = postSolution
		{BEFC3429-8A43-44BB-BEFF-2C6AEE745A8C}.Debug|Any CPU.ActiveCfg = Debug|Any CPU
		{BEFC3429-8A43-44BB-BEFF-2C6AEE745A8C}.Debug|Any CPU.Build.0 = Debug|Any CPU
		{BEFC3429-8A43-44BB-BEFF-2C6AEE745A8C}.Release|Any CPU.ActiveCfg = Release|Any CPU
		{BEFC3429-8A43-44BB-BEFF-2C6AEE745A8C}.Release|Any CPU.Build.0 = Release|Any CPU
	EndGlobalSection
	GlobalSection(SolutionProperties) = preSolution
		HideSolutionNode = FALSE
	EndGlobalSection
	GlobalSection(ExtensibilityGlobals) = postSolution
		SolutionGuid = {121CCFA5-3700-4CFE-93F9-9B9A4419BE2F}
	EndGlobalSection
EndGlobal
